
Microsoft Visual Studio Solution File, Format Version 12.00
# Visual Studio 2013
VisualStudioVersion = 12.0.30501.0
MinimumVisualStudioVersion = 10.0.40219.1
Project("{FAE04EC0-301F-11D3-BF4B-00C04F79EFBC}") = "angular example", "angular example\angular example.csproj", "{086DF66A-49FA-4BC1-8221-C0E08C5F6CEB}"
EndProject
Global
	GlobalSection(SolutionConfigurationPlatforms) = preSolution
		Debug|Any CPU = Debug|Any CPU
		Release|Any CPU = Release|Any CPU
	EndGlobalSection
	GlobalSection(ProjectConfigurationPlatforms) = postSolution
		{086DF66A-49FA-4BC1-8221-C0E08C5F6CEB}.Debug|Any CPU.ActiveCfg = Debug|Any CPU
		{086DF66A-49FA-4BC1-8221-C0E08C5F6CEB}.Debug|Any CPU.Build.0 = Debug|Any CPU
		{086DF66A-49FA-4BC1-8221-C0E08C5F6CEB}.Release|Any CPU.ActiveCfg = Release|Any CPU
		{086DF66A-49FA-4BC1-8221-C0E08C5F6CEB}.Release|Any CPU.Build.0 = Release|Any CPU
	EndGlobalSection
	GlobalSection(SolutionProperties) = preSolution
		HideSolutionNode = FALSE
	EndGlobalSection
EndGlobal
